// !$*UTF8*$!
{
	archiveVersion = 1;
	classes = {
	};
	objectVersion = 46;
	objects = {

/* Begin PBXBuildFile section */
		C92DC7A53571866FDA51C249 /* Pods_signin.framework in Frameworks */ = {isa = PBXBuildFile; fileRef = 2823C33AA2BF51F2B0E3E40F /* Pods_signin.framework */; };
		FB1B51F61F15910800E35D4A /* DatabaseReference+Location.swift in Sources */ = {isa = PBXBuildFile; fileRef = FB1B51F51F15910800E35D4A /* DatabaseReference+Location.swift */; };
		FB1B51FA1F168EEE00E35D4A /* Main.storyboard in Resources */ = {isa = PBXBuildFile; fileRef = FB1B51F81F168EEE00E35D4A /* Main.storyboard */; };
		FB1B51FD1F168F9000E35D4A /* LoginViewController.swift in Sources */ = {isa = PBXBuildFile; fileRef = FB1B51FC1F168F9000E35D4A /* LoginViewController.swift */; };
		FB1B52031F169DE500E35D4A /* GoogleService-Info.plist in Resources */ = {isa = PBXBuildFile; fileRef = FB1B52021F169DE500E35D4A /* GoogleService-Info.plist */; };
		FB1B52051F16CFED00E35D4A /* User.swift in Sources */ = {isa = PBXBuildFile; fileRef = FB1B52041F16CFED00E35D4A /* User.swift */; };
		FB1B52251F17F42500E35D4A /* UserService.swift in Sources */ = {isa = PBXBuildFile; fileRef = FB1B52241F17F42500E35D4A /* UserService.swift */; };
		FB1B52281F182D8700E35D4A /* HomeViewController.swift in Sources */ = {isa = PBXBuildFile; fileRef = FB1B52271F182D8700E35D4A /* HomeViewController.swift */; };
		FB1B522C1F1E864800E35D4A /* GroupImageCell.swift in Sources */ = {isa = PBXBuildFile; fileRef = FB1B522B1F1E864800E35D4A /* GroupImageCell.swift */; };
		FB1B522F1F1FC75A00E35D4A /* Group.swift in Sources */ = {isa = PBXBuildFile; fileRef = FB1B522E1F1FC75A00E35D4A /* Group.swift */; };
		FB1B52311F1FC77200E35D4A /* Event.swift in Sources */ = {isa = PBXBuildFile; fileRef = FB1B52301F1FC77200E35D4A /* Event.swift */; };
		FB1B52341F1FC83300E35D4A /* GroupService.swift in Sources */ = {isa = PBXBuildFile; fileRef = FB1B52331F1FC83300E35D4A /* GroupService.swift */; };
		FB1B52361F1FC84000E35D4A /* EventService.swift in Sources */ = {isa = PBXBuildFile; fileRef = FB1B52351F1FC84000E35D4A /* EventService.swift */; };
		FB2F5E1A1F157AE200194673 /* ProfileViewController.swift in Sources */ = {isa = PBXBuildFile; fileRef = FB2F5E191F157AE200194673 /* ProfileViewController.swift */; };
		FB4BEE5F1F22D260006B09A1 /* GroupViewController.swift in Sources */ = {isa = PBXBuildFile; fileRef = FB4BEE5E1F22D260006B09A1 /* GroupViewController.swift */; };
		FB4BEE611F22D3A5006B09A1 /* EventCollectionViewCell.swift in Sources */ = {isa = PBXBuildFile; fileRef = FB4BEE601F22D3A5006B09A1 /* EventCollectionViewCell.swift */; };
		FB4BEE631F265E37006B09A1 /* CreateGroupViewController.swift in Sources */ = {isa = PBXBuildFile; fileRef = FB4BEE621F265E37006B09A1 /* CreateGroupViewController.swift */; };
		FB4BEE651F26B882006B09A1 /* RandomColor.swift in Sources */ = {isa = PBXBuildFile; fileRef = FB4BEE641F26B882006B09A1 /* RandomColor.swift */; };
		FB6664401F0E9A5D005CD110 /* AppDelegate.swift in Sources */ = {isa = PBXBuildFile; fileRef = FB66643F1F0E9A5D005CD110 /* AppDelegate.swift */; };
		FB6664421F0E9A5D005CD110 /* ViewController.swift in Sources */ = {isa = PBXBuildFile; fileRef = FB6664411F0E9A5D005CD110 /* ViewController.swift */; };
		FB6664451F0E9A5D005CD110 /* Login.storyboard in Resources */ = {isa = PBXBuildFile; fileRef = FB6664431F0E9A5D005CD110 /* Login.storyboard */; };
		FB6664471F0E9A5D005CD110 /* Assets.xcassets in Resources */ = {isa = PBXBuildFile; fileRef = FB6664461F0E9A5D005CD110 /* Assets.xcassets */; };
		FB66644A1F0E9A5D005CD110 /* LaunchScreen.storyboard in Resources */ = {isa = PBXBuildFile; fileRef = FB6664481F0E9A5D005CD110 /* LaunchScreen.storyboard */; };
/* End PBXBuildFile section */

/* Begin PBXFileReference section */
		2823C33AA2BF51F2B0E3E40F /* Pods_signin.framework */ = {isa = PBXFileReference; explicitFileType = wrapper.framework; includeInIndex = 0; path = Pods_signin.framework; sourceTree = BUILT_PRODUCTS_DIR; };
		3CB7F825AB5E59F702A13832 /* Pods-signin.release.xcconfig */ = {isa = PBXFileReference; includeInIndex = 1; lastKnownFileType = text.xcconfig; name = "Pods-signin.release.xcconfig"; path = "Pods/Target Support Files/Pods-signin/Pods-signin.release.xcconfig"; sourceTree = "<group>"; };
		FB1B51F51F15910800E35D4A /* DatabaseReference+Location.swift */ = {isa = PBXFileReference; fileEncoding = 4; lastKnownFileType = sourcecode.swift; path = "DatabaseReference+Location.swift"; sourceTree = "<group>"; };
		FB1B51F91F168EEE00E35D4A /* Base */ = {isa = PBXFileReference; lastKnownFileType = file.storyboard; name = Base; path = Base.lproj/Main.storyboard; sourceTree = "<group>"; };
		FB1B51FC1F168F9000E35D4A /* LoginViewController.swift */ = {isa = PBXFileReference; fileEncoding = 4; lastKnownFileType = sourcecode.swift; name = LoginViewController.swift; path = ../LoginViewController.swift; sourceTree = "<group>"; };
		FB1B52021F169DE500E35D4A /* GoogleService-Info.plist */ = {isa = PBXFileReference; fileEncoding = 4; lastKnownFileType = text.plist.xml; path = "GoogleService-Info.plist"; sourceTree = "<group>"; };
		FB1B52041F16CFED00E35D4A /* User.swift */ = {isa = PBXFileReference; fileEncoding = 4; lastKnownFileType = sourcecode.swift; path = User.swift; sourceTree = "<group>"; };
		FB1B52241F17F42500E35D4A /* UserService.swift */ = {isa = PBXFileReference; fileEncoding = 4; lastKnownFileType = sourcecode.swift; path = UserService.swift; sourceTree = "<group>"; };
		FB1B52271F182D8700E35D4A /* HomeViewController.swift */ = {isa = PBXFileReference; fileEncoding = 4; lastKnownFileType = sourcecode.swift; path = HomeViewController.swift; sourceTree = "<group>"; };
		FB1B522B1F1E864800E35D4A /* GroupImageCell.swift */ = {isa = PBXFileReference; fileEncoding = 4; lastKnownFileType = sourcecode.swift; path = GroupImageCell.swift; sourceTree = "<group>"; };
		FB1B522E1F1FC75A00E35D4A /* Group.swift */ = {isa = PBXFileReference; fileEncoding = 4; lastKnownFileType = sourcecode.swift; path = Group.swift; sourceTree = "<group>"; };
		FB1B52301F1FC77200E35D4A /* Event.swift */ = {isa = PBXFileReference; fileEncoding = 4; lastKnownFileType = sourcecode.swift; path = Event.swift; sourceTree = "<group>"; };
		FB1B52331F1FC83300E35D4A /* GroupService.swift */ = {isa = PBXFileReference; fileEncoding = 4; lastKnownFileType = sourcecode.swift; path = GroupService.swift; sourceTree = "<group>"; };
		FB1B52351F1FC84000E35D4A /* EventService.swift */ = {isa = PBXFileReference; fileEncoding = 4; lastKnownFileType = sourcecode.swift; path = EventService.swift; sourceTree = "<group>"; };
		FB2F5E191F157AE200194673 /* ProfileViewController.swift */ = {isa = PBXFileReference; fileEncoding = 4; lastKnownFileType = sourcecode.swift; path = ProfileViewController.swift; sourceTree = "<group>"; };
		FB4BEE5E1F22D260006B09A1 /* GroupViewController.swift */ = {isa = PBXFileReference; fileEncoding = 4; lastKnownFileType = sourcecode.swift; path = GroupViewController.swift; sourceTree = "<group>"; };
		FB4BEE601F22D3A5006B09A1 /* EventCollectionViewCell.swift */ = {isa = PBXFileReference; fileEncoding = 4; lastKnownFileType = sourcecode.swift; path = EventCollectionViewCell.swift; sourceTree = "<group>"; };
		FB4BEE621F265E37006B09A1 /* CreateGroupViewController.swift */ = {isa = PBXFileReference; fileEncoding = 4; lastKnownFileType = sourcecode.swift; path = CreateGroupViewController.swift; sourceTree = "<group>"; };
		FB4BEE641F26B882006B09A1 /* RandomColor.swift */ = {isa = PBXFileReference; fileEncoding = 4; lastKnownFileType = sourcecode.swift; path = RandomColor.swift; sourceTree = "<group>"; };
		FB66643C1F0E9A5D005CD110 /* signin.app */ = {isa = PBXFileReference; explicitFileType = wrapper.application; includeInIndex = 0; path = signin.app; sourceTree = BUILT_PRODUCTS_DIR; };
		FB66643F1F0E9A5D005CD110 /* AppDelegate.swift */ = {isa = PBXFileReference; lastKnownFileType = sourcecode.swift; path = AppDelegate.swift; sourceTree = "<group>"; };
		FB6664411F0E9A5D005CD110 /* ViewController.swift */ = {isa = PBXFileReference; lastKnownFileType = sourcecode.swift; path = ViewController.swift; sourceTree = "<group>"; };
		FB6664441F0E9A5D005CD110 /* Base */ = {isa = PBXFileReference; lastKnownFileType = file.storyboard; name = Base; path = Base.lproj/Login.storyboard; sourceTree = "<group>"; };
		FB6664461F0E9A5D005CD110 /* Assets.xcassets */ = {isa = PBXFileReference; lastKnownFileType = folder.assetcatalog; path = Assets.xcassets; sourceTree = "<group>"; };
		FB6664491F0E9A5D005CD110 /* Base */ = {isa = PBXFileReference; lastKnownFileType = file.storyboard; name = Base; path = Base.lproj/LaunchScreen.storyboard; sourceTree = "<group>"; };
		FB66644B1F0E9A5D005CD110 /* Info.plist */ = {isa = PBXFileReference; lastKnownFileType = text.plist.xml; path = Info.plist; sourceTree = "<group>"; };
		FFA0748DCE4449408351C1A8 /* Pods-signin.debug.xcconfig */ = {isa = PBXFileReference; includeInIndex = 1; lastKnownFileType = text.xcconfig; name = "Pods-signin.debug.xcconfig"; path = "Pods/Target Support Files/Pods-signin/Pods-signin.debug.xcconfig"; sourceTree = "<group>"; };
/* End PBXFileReference section */

/* Begin PBXFrameworksBuildPhase section */
		FB6664391F0E9A5D005CD110 /* Frameworks */ = {
			isa = PBXFrameworksBuildPhase;
			buildActionMask = 2147483647;
			files = (
				C92DC7A53571866FDA51C249 /* Pods_signin.framework in Frameworks */,
			);
			runOnlyForDeploymentPostprocessing = 0;
		};
/* End PBXFrameworksBuildPhase section */

/* Begin PBXGroup section */
		15FE84DF5C880CE4B15442AE /* Pods */ = {
			isa = PBXGroup;
			children = (
				FFA0748DCE4449408351C1A8 /* Pods-signin.debug.xcconfig */,
				3CB7F825AB5E59F702A13832 /* Pods-signin.release.xcconfig */,
			);
			name = Pods;
			sourceTree = "<group>";
		};
		1B49EF2EB785C41A471BF5AB /* Frameworks */ = {
			isa = PBXGroup;
			children = (
				2823C33AA2BF51F2B0E3E40F /* Pods_signin.framework */,
			);
			name = Frameworks;
			sourceTree = "<group>";
		};
		FB1B51F71F15911900E35D4A /* Extensions */ = {
			isa = PBXGroup;
			children = (
				FB1B51F51F15910800E35D4A /* DatabaseReference+Location.swift */,
				FB4BEE641F26B882006B09A1 /* RandomColor.swift */,
			);
			name = Extensions;
			sourceTree = "<group>";
		};
		FB1B51FB1F168F0400E35D4A /* Storyboards */ = {
			isa = PBXGroup;
			children = (
				FB6664431F0E9A5D005CD110 /* Login.storyboard */,
				FB1B51F81F168EEE00E35D4A /* Main.storyboard */,
				FB6664481F0E9A5D005CD110 /* LaunchScreen.storyboard */,
			);
			name = Storyboards;
			sourceTree = "<group>";
		};
		FB1B52261F17F43100E35D4A /* Services */ = {
			isa = PBXGroup;
			children = (
				FB1B52241F17F42500E35D4A /* UserService.swift */,
				FB1B52331F1FC83300E35D4A /* GroupService.swift */,
				FB1B52351F1FC84000E35D4A /* EventService.swift */,
			);
			name = Services;
			sourceTree = "<group>";
		};
		FB1B522D1F1E86FB00E35D4A /* Views */ = {
			isa = PBXGroup;
			children = (
				FB1B522B1F1E864800E35D4A /* GroupImageCell.swift */,
				FB4BEE601F22D3A5006B09A1 /* EventCollectionViewCell.swift */,
			);
			name = Views;
			sourceTree = "<group>";
		};
		FB1B52321F1FC77900E35D4A /* Models */ = {
			isa = PBXGroup;
			children = (
				FB1B52041F16CFED00E35D4A /* User.swift */,
				FB1B522E1F1FC75A00E35D4A /* Group.swift */,
				FB1B52301F1FC77200E35D4A /* Event.swift */,
			);
			name = Models;
			sourceTree = "<group>";
		};
		FB2F5E1B1F157AE600194673 /* View Controllers */ = {
			isa = PBXGroup;
			children = (
				FB6664411F0E9A5D005CD110 /* ViewController.swift */,
				FB1B51FC1F168F9000E35D4A /* LoginViewController.swift */,
				FB1B52271F182D8700E35D4A /* HomeViewController.swift */,
				FB2F5E191F157AE200194673 /* ProfileViewController.swift */,
				FB4BEE5E1F22D260006B09A1 /* GroupViewController.swift */,
				FB4BEE621F265E37006B09A1 /* CreateGroupViewController.swift */,
			);
			name = "View Controllers";
			sourceTree = "<group>";
		};
		FB6664331F0E9A5D005CD110 = {
			isa = PBXGroup;
			children = (
				FB66643E1F0E9A5D005CD110 /* signin */,
				FB66643D1F0E9A5D005CD110 /* Products */,
				15FE84DF5C880CE4B15442AE /* Pods */,
				1B49EF2EB785C41A471BF5AB /* Frameworks */,
			);
			sourceTree = "<group>";
		};
		FB66643D1F0E9A5D005CD110 /* Products */ = {
			isa = PBXGroup;
			children = (
				FB66643C1F0E9A5D005CD110 /* signin.app */,
			);
			name = Products;
			sourceTree = "<group>";
		};
		FB66643E1F0E9A5D005CD110 /* signin */ = {
			isa = PBXGroup;
			children = (
				FB66643F1F0E9A5D005CD110 /* AppDelegate.swift */,
				FB1B522D1F1E86FB00E35D4A /* Views */,
				FB1B51FB1F168F0400E35D4A /* Storyboards */,
				FB2F5E1B1F157AE600194673 /* View Controllers */,
				FB6664461F0E9A5D005CD110 /* Assets.xcassets */,
				FB1B52261F17F43100E35D4A /* Services */,
				FB66644B1F0E9A5D005CD110 /* Info.plist */,
				FB1B52321F1FC77900E35D4A /* Models */,
				FB1B52021F169DE500E35D4A /* GoogleService-Info.plist */,
				FB1B51F71F15911900E35D4A /* Extensions */,
			);
			path = signin;
			sourceTree = "<group>";
		};
/* End PBXGroup section */

/* Begin PBXNativeTarget section */
		FB66643B1F0E9A5D005CD110 /* signin */ = {
			isa = PBXNativeTarget;
			buildConfigurationList = FB66644E1F0E9A5D005CD110 /* Build configuration list for PBXNativeTarget "signin" */;
			buildPhases = (
				3C9124D040ADA927E16B12D2 /* [CP] Check Pods Manifest.lock */,
				FB6664381F0E9A5D005CD110 /* Sources */,
				FB6664391F0E9A5D005CD110 /* Frameworks */,
				FB66643A1F0E9A5D005CD110 /* Resources */,
				0C811311B6FF31CC58F51418 /* [CP] Embed Pods Frameworks */,
				DED36961B15B4D57EA48020C /* [CP] Copy Pods Resources */,
			);
			buildRules = (
			);
			dependencies = (
			);
			name = signin;
			productName = signin;
			productReference = FB66643C1F0E9A5D005CD110 /* signin.app */;
			productType = "com.apple.product-type.application";
		};
/* End PBXNativeTarget section */

/* Begin PBXProject section */
		FB6664341F0E9A5D005CD110 /* Project object */ = {
			isa = PBXProject;
			attributes = {
				LastSwiftUpdateCheck = 0830;
				LastUpgradeCheck = 0830;
				ORGANIZATIONNAME = "Shannon Ding";
				TargetAttributes = {
					FB66643B1F0E9A5D005CD110 = {
						CreatedOnToolsVersion = 8.3.3;
						DevelopmentTeam = 28B3WTLL8A;
						ProvisioningStyle = Automatic;
					};
				};
			};
			buildConfigurationList = FB6664371F0E9A5D005CD110 /* Build configuration list for PBXProject "signin" */;
			compatibilityVersion = "Xcode 3.2";
			developmentRegion = English;
			hasScannedForEncodings = 0;
			knownRegions = (
				en,
				Base,
			);
			mainGroup = FB6664331F0E9A5D005CD110;
			productRefGroup = FB66643D1F0E9A5D005CD110 /* Products */;
			projectDirPath = "";
			projectRoot = "";
			targets = (
				FB66643B1F0E9A5D005CD110 /* signin */,
			);
		};
/* End PBXProject section */

/* Begin PBXResourcesBuildPhase section */
		FB66643A1F0E9A5D005CD110 /* Resources */ = {
			isa = PBXResourcesBuildPhase;
			buildActionMask = 2147483647;
			files = (
				FB66644A1F0E9A5D005CD110 /* LaunchScreen.storyboard in Resources */,
				FB6664471F0E9A5D005CD110 /* Assets.xcassets in Resources */,
				FB1B52031F169DE500E35D4A /* GoogleService-Info.plist in Resources */,
				FB6664451F0E9A5D005CD110 /* Login.storyboard in Resources */,
				FB1B51FA1F168EEE00E35D4A /* Main.storyboard in Resources */,
			);
			runOnlyForDeploymentPostprocessing = 0;
		};
/* End PBXResourcesBuildPhase section */

/* Begin PBXShellScriptBuildPhase section */
		0C811311B6FF31CC58F51418 /* [CP] Embed Pods Frameworks */ = {
			isa = PBXShellScriptBuildPhase;
			buildActionMask = 2147483647;
			files = (
			);
			inputPaths = (
			);
			name = "[CP] Embed Pods Frameworks";
			outputPaths = (
			);
			runOnlyForDeploymentPostprocessing = 0;
			shellPath = /bin/sh;
			shellScript = "\"${SRCROOT}/Pods/Target Support Files/Pods-signin/Pods-signin-frameworks.sh\"\n";
			showEnvVarsInLog = 0;
		};
		3C9124D040ADA927E16B12D2 /* [CP] Check Pods Manifest.lock */ = {
			isa = PBXShellScriptBuildPhase;
			buildActionMask = 2147483647;
			files = (
			);
			inputPaths = (
			);
			name = "[CP] Check Pods Manifest.lock";
			outputPaths = (
			);
			runOnlyForDeploymentPostprocessing = 0;
			shellPath = /bin/sh;
			shellScript = "diff \"${PODS_PODFILE_DIR_PATH}/Podfile.lock\" \"${PODS_ROOT}/Manifest.lock\" > /dev/null\nif [ $? != 0 ] ; then\n    # print error to STDERR\n    echo \"error: The sandbox is not in sync with the Podfile.lock. Run 'pod install' or update your CocoaPods installation.\" >&2\n    exit 1\nfi\n";
			showEnvVarsInLog = 0;
		};
		DED36961B15B4D57EA48020C /* [CP] Copy Pods Resources */ = {
			isa = PBXShellScriptBuildPhase;
			buildActionMask = 2147483647;
			files = (
			);
			inputPaths = (
			);
			name = "[CP] Copy Pods Resources";
			outputPaths = (
			);
			runOnlyForDeploymentPostprocessing = 0;
			shellPath = /bin/sh;
			shellScript = "\"${SRCROOT}/Pods/Target Support Files/Pods-signin/Pods-signin-resources.sh\"\n";
			showEnvVarsInLog = 0;
		};
/* End PBXShellScriptBuildPhase section */

/* Begin PBXSourcesBuildPhase section */
		FB6664381F0E9A5D005CD110 /* Sources */ = {
			isa = PBXSourcesBuildPhase;
			buildActionMask = 2147483647;
			files = (
				FB1B52251F17F42500E35D4A /* UserService.swift in Sources */,
				FB4BEE611F22D3A5006B09A1 /* EventCollectionViewCell.swift in Sources */,
				FB1B52311F1FC77200E35D4A /* Event.swift in Sources */,
				FB2F5E1A1F157AE200194673 /* ProfileViewController.swift in Sources */,
				FB6664421F0E9A5D005CD110 /* ViewController.swift in Sources */,
				FB1B522F1F1FC75A00E35D4A /* Group.swift in Sources */,
				FB1B52281F182D8700E35D4A /* HomeViewController.swift in Sources */,
				FB4BEE5F1F22D260006B09A1 /* GroupViewController.swift in Sources */,
				FB4BEE651F26B882006B09A1 /* RandomColor.swift in Sources */,
				FB1B52051F16CFED00E35D4A /* User.swift in Sources */,
				FB1B52341F1FC83300E35D4A /* GroupService.swift in Sources */,
				FB4BEE631F265E37006B09A1 /* CreateGroupViewController.swift in Sources */,
				FB6664401F0E9A5D005CD110 /* AppDelegate.swift in Sources */,
				FB1B522C1F1E864800E35D4A /* GroupImageCell.swift in Sources */,
				FB1B51FD1F168F9000E35D4A /* LoginViewController.swift in Sources */,
				FB1B52361F1FC84000E35D4A /* EventService.swift in Sources */,
				FB1B51F61F15910800E35D4A /* DatabaseReference+Location.swift in Sources */,
			);
			runOnlyForDeploymentPostprocessing = 0;
		};
/* End PBXSourcesBuildPhase section */

/* Begin PBXVariantGroup section */
		FB1B51F81F168EEE00E35D4A /* Main.storyboard */ = {
			isa = PBXVariantGroup;
			children = (
				FB1B51F91F168EEE00E35D4A /* Base */,
			);
			name = Main.storyboard;
			sourceTree = "<group>";
		};
		FB6664431F0E9A5D005CD110 /* Login.storyboard */ = {
			isa = PBXVariantGroup;
			children = (
				FB6664441F0E9A5D005CD110 /* Base */,
			);
			name = Login.storyboard;
			sourceTree = "<group>";
		};
		FB6664481F0E9A5D005CD110 /* LaunchScreen.storyboard */ = {
			isa = PBXVariantGroup;
			children = (
				FB6664491F0E9A5D005CD110 /* Base */,
			);
			name = LaunchScreen.storyboard;
			sourceTree = "<group>";
		};
/* End PBXVariantGroup section */

/* Begin XCBuildConfiguration section */
		FB66644C1F0E9A5D005CD110 /* Debug */ = {
			isa = XCBuildConfiguration;
			buildSettings = {
				ALWAYS_SEARCH_USER_PATHS = NO;
				CLANG_ANALYZER_NONNULL = YES;
				CLANG_ANALYZER_NUMBER_OBJECT_CONVERSION = YES_AGGRESSIVE;
				CLANG_CXX_LANGUAGE_STANDARD = "gnu++0x";
				CLANG_CXX_LIBRARY = "libc++";
				CLANG_ENABLE_MODULES = YES;
				CLANG_ENABLE_OBJC_ARC = YES;
				CLANG_WARN_BOOL_CONVERSION = YES;
				CLANG_WARN_CONSTANT_CONVERSION = YES;
				CLANG_WARN_DIRECT_OBJC_ISA_USAGE = YES_ERROR;
				CLANG_WARN_DOCUMENTATION_COMMENTS = YES;
				CLANG_WARN_EMPTY_BODY = YES;
				CLANG_WARN_ENUM_CONVERSION = YES;
				CLANG_WARN_INFINITE_RECURSION = YES;
				CLANG_WARN_INT_CONVERSION = YES;
				CLANG_WARN_OBJC_ROOT_CLASS = YES_ERROR;
				CLANG_WARN_SUSPICIOUS_MOVE = YES;
				CLANG_WARN_UNREACHABLE_CODE = YES;
				CLANG_WARN__DUPLICATE_METHOD_MATCH = YES;
				"CODE_SIGN_IDENTITY[sdk=iphoneos*]" = "iPhone Developer";
				COPY_PHASE_STRIP = NO;
				DEBUG_INFORMATION_FORMAT = dwarf;
				ENABLE_STRICT_OBJC_MSGSEND = YES;
				ENABLE_TESTABILITY = YES;
				GCC_C_LANGUAGE_STANDARD = gnu99;
				GCC_DYNAMIC_NO_PIC = NO;
				GCC_NO_COMMON_BLOCKS = YES;
				GCC_OPTIMIZATION_LEVEL = 0;
				GCC_PREPROCESSOR_DEFINITIONS = (
					"DEBUG=1",
					"$(inherited)",
				);
				GCC_WARN_64_TO_32_BIT_CONVERSION = YES;
				GCC_WARN_ABOUT_RETURN_TYPE = YES_ERROR;
				GCC_WARN_UNDECLARED_SELECTOR = YES;
				GCC_WARN_UNINITIALIZED_AUTOS = YES_AGGRESSIVE;
				GCC_WARN_UNUSED_FUNCTION = YES;
				GCC_WARN_UNUSED_VARIABLE = YES;
				IPHONEOS_DEPLOYMENT_TARGET = 10.3;
				MTL_ENABLE_DEBUG_INFO = YES;
				ONLY_ACTIVE_ARCH = YES;
				SDKROOT = iphoneos;
				SWIFT_ACTIVE_COMPILATION_CONDITIONS = DEBUG;
				SWIFT_OPTIMIZATION_LEVEL = "-Onone";
			};
			name = Debug;
		};
		FB66644D1F0E9A5D005CD110 /* Release */ = {
			isa = XCBuildConfiguration;
			buildSettings = {
				ALWAYS_SEARCH_USER_PATHS = NO;
				CLANG_ANALYZER_NONNULL = YES;
				CLANG_ANALYZER_NUMBER_OBJECT_CONVERSION = YES_AGGRESSIVE;
				CLANG_CXX_LANGUAGE_STANDARD = "gnu++0x";
				CLANG_CXX_LIBRARY = "libc++";
				CLANG_ENABLE_MODULES = YES;
				CLANG_ENABLE_OBJC_ARC = YES;
				CLANG_WARN_BOOL_CONVERSION = YES;
				CLANG_WARN_CONSTANT_CONVERSION = YES;
				CLANG_WARN_DIRECT_OBJC_ISA_USAGE = YES_ERROR;
				CLANG_WARN_DOCUMENTATION_COMMENTS = YES;
				CLANG_WARN_EMPTY_BODY = YES;
				CLANG_WARN_ENUM_CONVERSION = YES;
				CLANG_WARN_INFINITE_RECURSION = YES;
				CLANG_WARN_INT_CONVERSION = YES;
				CLANG_WARN_OBJC_ROOT_CLASS = YES_ERROR;
				CLANG_WARN_SUSPICIOUS_MOVE = YES;
				CLANG_WARN_UNREACHABLE_CODE = YES;
				CLANG_WARN__DUPLICATE_METHOD_MATCH = YES;
				"CODE_SIGN_IDENTITY[sdk=iphoneos*]" = "iPhone Developer";
				COPY_PHASE_STRIP = NO;
				DEBUG_INFORMATION_FORMAT = "dwarf-with-dsym";
				ENABLE_NS_ASSERTIONS = NO;
				ENABLE_STRICT_OBJC_MSGSEND = YES;
				GCC_C_LANGUAGE_STANDARD = gnu99;
				GCC_NO_COMMON_BLOCKS = YES;
				GCC_WARN_64_TO_32_BIT_CONVERSION = YES;
				GCC_WARN_ABOUT_RETURN_TYPE = YES_ERROR;
				GCC_WARN_UNDECLARED_SELECTOR = YES;
				GCC_WARN_UNINITIALIZED_AUTOS = YES_AGGRESSIVE;
				GCC_WARN_UNUSED_FUNCTION = YES;
				GCC_WARN_UNUSED_VARIABLE = YES;
				IPHONEOS_DEPLOYMENT_TARGET = 10.3;
				MTL_ENABLE_DEBUG_INFO = NO;
				SDKROOT = iphoneos;
				SWIFT_OPTIMIZATION_LEVEL = "-Owholemodule";
				VALIDATE_PRODUCT = YES;
			};
			name = Release;
		};
		FB66644F1F0E9A5D005CD110 /* Debug */ = {
			isa = XCBuildConfiguration;
			baseConfigurationReference = FFA0748DCE4449408351C1A8 /* Pods-signin.debug.xcconfig */;
			buildSettings = {
				ASSETCATALOG_COMPILER_APPICON_NAME = AppIcon;
				DEVELOPMENT_TEAM = 28B3WTLL8A;
				INFOPLIST_FILE = signin/Info.plist;
				LD_RUNPATH_SEARCH_PATHS = "$(inherited) @executable_path/Frameworks";
				PRODUCT_BUNDLE_IDENTIFIER = com.makeschool.signin;
				PRODUCT_NAME = "$(TARGET_NAME)";
				SWIFT_VERSION = 3.0;
			};
			name = Debug;
		};
		FB6664501F0E9A5D005CD110 /* Release */ = {
			isa = XCBuildConfiguration;
			baseConfigurationReference = 3CB7F825AB5E59F702A13832 /* Pods-signin.release.xcconfig */;
			buildSettings = {
				ASSETCATALOG_COMPILER_APPICON_NAME = AppIcon;
				DEVELOPMENT_TEAM = 28B3WTLL8A;
				INFOPLIST_FILE = signin/Info.plist;
				LD_RUNPATH_SEARCH_PATHS = "$(inherited) @executable_path/Frameworks";
				PRODUCT_BUNDLE_IDENTIFIER = com.makeschool.signin;
				PRODUCT_NAME = "$(TARGET_NAME)";
				SWIFT_VERSION = 3.0;
			};
			name = Release;
		};
/* End XCBuildConfiguration section */

/* Begin XCConfigurationList section */
		FB6664371F0E9A5D005CD110 /* Build configuration list for PBXProject "signin" */ = {
			isa = XCConfigurationList;
			buildConfigurations = (
				FB66644C1F0E9A5D005CD110 /* Debug */,
				FB66644D1F0E9A5D005CD110 /* Release */,
			);
			defaultConfigurationIsVisible = 0;
			defaultConfigurationName = Release;
		};
		FB66644E1F0E9A5D005CD110 /* Build configuration list for PBXNativeTarget "signin" */ = {
			isa = XCConfigurationList;
			buildConfigurations = (
				FB66644F1F0E9A5D005CD110 /* Debug */,
				FB6664501F0E9A5D005CD110 /* Release */,
			);
			defaultConfigurationIsVisible = 0;
			defaultConfigurationName = Release;
		};
/* End XCConfigurationList section */
	};
	rootObject = FB6664341F0E9A5D005CD110 /* Project object */;
}
